
Microsoft Visual Studio Solution File, Format Version 12.00
# Visual Studio Version 17
VisualStudioVersion = 17.10.35013.160
MinimumVisualStudioVersion = 10.0.40219.1
Project("{FAE04EC0-301F-11D3-BF4B-00C04F79EFBC}") = "ProxyDemo", "ProxyDemo\ProxyDemo.csproj", "{D0A55016-CC89-410B-A41E-DBC287EE915A}"
EndProject
Global
	GlobalSection(SolutionConfigurationPlatforms) = preSolution
		Debug|Any CPU = Debug|Any CPU
		Release|Any CPU = Release|Any CPU
	EndGlobalSection
	GlobalSection(ProjectConfigurationPlatforms) = postSolution
		{D0A55016-CC89-410B-A41E-DBC287EE915A}.Debug|Any CPU.ActiveCfg = Debug|Any CPU
		{D0A55016-CC89-410B-A41E-DBC287EE915A}.Debug|Any CPU.Build.0 = Debug|Any CPU
		{D0A55016-CC89-410B-A41E-DBC287EE915A}.Release|Any CPU.ActiveCfg = Release|Any CPU
		{D0A55016-CC89-410B-A41E-DBC287EE915A}.Release|Any CPU.Build.0 = Release|Any CPU
	EndGlobalSection
	GlobalSection(SolutionProperties) = preSolution
		HideSolutionNode = FALSE
	EndGlobalSection
	GlobalSection(ExtensibilityGlobals) = postSolution
		SolutionGuid = {57650F92-57DD-43AE-AAEB-EB4BB079A369}
	EndGlobalSection
EndGlobal
